
Microsoft Visual Studio Solution File, Format Version 12.00
# Visual Studio Version 16
VisualStudioVersion = 16.0.31624.102
MinimumVisualStudioVersion = 10.0.40219.1
Project("{FAE04EC0-301F-11D3-BF4B-00C04F79EFBC}") = "Tuan4_LeTanHuy", "Tuan4_LeTanHuy\Tuan4_LeTanHuy.csproj", "{469F7BA3-069B-4ACB-AE82-CAF664A08954}"
EndProject
Global
	GlobalSection(SolutionConfigurationPlatforms) = preSolution
		Debug|Any CPU = Debug|Any CPU
		Release|Any CPU = Release|Any CPU
	EndGlobalSection
	GlobalSection(ProjectConfigurationPlatforms) = postSolution
		{469F7BA3-069B-4ACB-AE82-CAF664A08954}.Debug|Any CPU.ActiveCfg = Debug|Any CPU
		{469F7BA3-069B-4ACB-AE82-CAF664A08954}.Debug|Any CPU.Build.0 = Debug|Any CPU
		{469F7BA3-069B-4ACB-AE82-CAF664A08954}.Release|Any CPU.ActiveCfg = Release|Any CPU
		{469F7BA3-069B-4ACB-AE82-CAF664A08954}.Release|Any CPU.Build.0 = Release|Any CPU
	EndGlobalSection
	GlobalSection(SolutionProperties) = preSolution
		HideSolutionNode = FALSE
	EndGlobalSection
	GlobalSection(ExtensibilityGlobals) = postSolution
		SolutionGuid = {9D0A2F68-A5F8-4289-9C53-3D6779F615DA}
	EndGlobalSection
EndGlobal
